
Microsoft Visual Studio Solution File, Format Version 12.00
# Visual Studio Version 16
VisualStudioVersion = 16.0.28729.10
MinimumVisualStudioVersion = 10.0.40219.1
Project("{FAE04EC0-301F-11D3-BF4B-00C04F79EFBC}") = "TS_Server", "TS_Server\TS_Server.csproj", "{6A60160A-5A61-4479-8B0A-7A857E32F1BA}"
EndProject
Global
	GlobalSection(SolutionConfigurationPlatforms) = preSolution
		Debug|Any CPU = Debug|Any CPU
		Debug|x64 = Debug|x64
		Release|Any CPU = Release|Any CPU
		Release|x64 = Release|x64
	EndGlobalSection
	GlobalSection(ProjectConfigurationPlatforms) = postSolution
		{6A60160A-5A61-4479-8B0A-7A857E32F1BA}.Debug|Any CPU.ActiveCfg = Debug|Any CPU
		{6A60160A-5A61-4479-8B0A-7A857E32F1BA}.Debug|Any CPU.Build.0 = Debug|Any CPU
		{6A60160A-5A61-4479-8B0A-7A857E32F1BA}.Debug|x64.ActiveCfg = Debug|x64
		{6A60160A-5A61-4479-8B0A-7A857E32F1BA}.Debug|x64.Build.0 = Debug|x64
		{6A60160A-5A61-4479-8B0A-7A857E32F1BA}.Release|Any CPU.ActiveCfg = Debug|Any CPU
		{6A60160A-5A61-4479-8B0A-7A857E32F1BA}.Release|Any CPU.Build.0 = Debug|Any CPU
		{6A60160A-5A61-4479-8B0A-7A857E32F1BA}.Release|x64.ActiveCfg = Release|x64
		{6A60160A-5A61-4479-8B0A-7A857E32F1BA}.Release|x64.Build.0 = Release|x64
	EndGlobalSection
	GlobalSection(SolutionProperties) = preSolution
		HideSolutionNode = FALSE
	EndGlobalSection
	GlobalSection(ExtensibilityGlobals) = postSolution
		SolutionGuid = {ECF1FA86-D122-4807-9290-9839AAED5DC5}
	EndGlobalSection
EndGlobal
